
Microsoft Visual Studio Solution File, Format Version 12.00
# Visual Studio 14
VisualStudioVersion = 14.0.25420.1
MinimumVisualStudioVersion = 10.0.40219.1
Project("{F184B08F-C81C-45F6-A57F-5ABD9991F28F}") = "jjohnson1b1", "jjohnson1b1\jjohnson1b1.vbproj", "{0D838D07-26B8-44F1-BD67-DE44F9DD74AA}"
EndProject
Project("{F184B08F-C81C-45F6-A57F-5ABD9991F28F}") = "jjohnson1c1", "jjohnson1c1\jjohnson1c1.vbproj", "{A9C4D868-FFE9-4396-9EB3-4063B0AB7F0C}"
EndProject
Project("{F184B08F-C81C-45F6-A57F-5ABD9991F28F}") = "jjohnson1d1", "jjohnson1d1\jjohnson1d1.vbproj", "{16A41682-E019-42AC-944B-C80E05270A5F}"
EndProject
Project("{F184B08F-C81C-45F6-A57F-5ABD9991F28F}") = "jjohnson1e1", "jjohnson1e1\jjohnson1e1.vbproj", "{B16592A3-631D-4E4D-8FE5-B6B364E38B60}"
EndProject
Project("{F184B08F-C81C-45F6-A57F-5ABD9991F28F}") = "jjohnson1f1", "jjohnson1f1\jjohnson1f1.vbproj", "{AB54D8C8-6AD7-4409-B03B-2E9F895842FB}"
EndProject
Project("{F184B08F-C81C-45F6-A57F-5ABD9991F28F}") = "jjohnson1g1", "jjohnson1g1\jjohnson1g1.vbproj", "{30E9B63E-EDF4-4318-AE21-6C7E243A7B9D}"
EndProject
Project("{F184B08F-C81C-45F6-A57F-5ABD9991F28F}") = "jjohnson1h1", "jjohnson1h1\jjohnson1h1.vbproj", "{1797BCF7-518E-4425-8BD7-73FA358BD6B4}"
EndProject
Project("{F184B08F-C81C-45F6-A57F-5ABD9991F28F}") = "jjohnson2a1", "jjohnson2a1\jjohnson2a1.vbproj", "{A449AC28-D134-4987-BDBC-C47B2CF1BFEB}"
EndProject
Project("{F184B08F-C81C-45F6-A57F-5ABD9991F28F}") = "jjohnson2b1", "jjohnson2b1\jjohnson2b1.vbproj", "{914DDDE0-054E-461D-A9DF-F7060DEE7262}"
EndProject
Project("{F184B08F-C81C-45F6-A57F-5ABD9991F28F}") = "jjohnson2c1", "jjohnson2c1\jjohnson2c1.vbproj", "{1F90A7F8-61CF-41C4-A260-E83FBDBDEF1E}"
EndProject
Project("{F184B08F-C81C-45F6-A57F-5ABD9991F28F}") = "jjohnson2d1", "jjohnson2d1\jjohnson2d1.vbproj", "{4AE56ABD-FF42-4F2A-BF4E-B415F9C5A354}"
EndProject
Project("{F184B08F-C81C-45F6-A57F-5ABD9991F28F}") = "jjohnson2e1", "jjohnson2e1\jjohnson2e1.vbproj", "{3F5C2E43-E103-497B-9885-409E73FACC83}"
EndProject
Project("{F184B08F-C81C-45F6-A57F-5ABD9991F28F}") = "jjohnson2f1", "jjohnson2f1\jjohnson2f1.vbproj", "{E07035EA-6C65-4D4A-B67A-CAD79EBE25C8}"
EndProject
Project("{F184B08F-C81C-45F6-A57F-5ABD9991F28F}") = "jjohnson2g1", "jjohnson2g1\jjohnson2g1\jjohnson2g1.vbproj", "{C50D1C98-FA4A-4D97-A9E0-85DF2D7F07EA}"
EndProject
Project("{F184B08F-C81C-45F6-A57F-5ABD9991F28F}") = "jjohnson2h1", "jjohnson2h1\jjohnson2h1\jjohnson2h1.vbproj", "{3408CC03-3DC4-497B-81D1-DAF7E0999912}"
EndProject
Project("{F184B08F-C81C-45F6-A57F-5ABD9991F28F}") = "jjohnson2i1", "jjohnson2i1\jjohnson2i1.vbproj", "{F3413668-A592-402A-AD91-090990E21EDF}"
EndProject
Project("{F184B08F-C81C-45F6-A57F-5ABD9991F28F}") = "jjohnson2j1", "jjohnson2j1\jjohnson2j1.vbproj", "{01A0B3E0-6C54-47D5-A0E5-706A05A0F0F6}"
EndProject
Project("{F184B08F-C81C-45F6-A57F-5ABD9991F28F}") = "jjohnson3a1", "jjohnson3a1\jjohnson3a1\jjohnson3a1.vbproj", "{037ADC61-07CB-4C18-9687-1682F0ED5539}"
EndProject
Project("{F184B08F-C81C-45F6-A57F-5ABD9991F28F}") = "jjohnson3b1", "jjohnson3b1\jjohnson3b1.vbproj", "{25D25F9F-D5EE-4884-B5FA-A7546D1C37BD}"
EndProject
Project("{F184B08F-C81C-45F6-A57F-5ABD9991F28F}") = "jjohnson3c1", "jjohnson3c1\jjohnson3c1.vbproj", "{CE610FC9-468A-4169-967B-C8234AC0E669}"
EndProject
Project("{F184B08F-C81C-45F6-A57F-5ABD9991F28F}") = "jjohnson3d1", "jjohnson3d1\jjohnson3d1.vbproj", "{578698B7-579E-4CCA-BF1E-349580F33D4C}"
EndProject
Project("{F184B08F-C81C-45F6-A57F-5ABD9991F28F}") = "jjohnson3e1", "jjohnson3e1\jjohnson3e1.vbproj", "{6343A91A-546C-4478-8DCE-70B3DD0A770D}"
EndProject
Global
	GlobalSection(SolutionConfigurationPlatforms) = preSolution
		Debug|Any CPU = Debug|Any CPU
		Release|Any CPU = Release|Any CPU
	EndGlobalSection
	GlobalSection(ProjectConfigurationPlatforms) = postSolution
		{0D838D07-26B8-44F1-BD67-DE44F9DD74AA}.Debug|Any CPU.ActiveCfg = Debug|Any CPU
		{0D838D07-26B8-44F1-BD67-DE44F9DD74AA}.Debug|Any CPU.Build.0 = Debug|Any CPU
		{0D838D07-26B8-44F1-BD67-DE44F9DD74AA}.Release|Any CPU.ActiveCfg = Release|Any CPU
		{0D838D07-26B8-44F1-BD67-DE44F9DD74AA}.Release|Any CPU.Build.0 = Release|Any CPU
		{A9C4D868-FFE9-4396-9EB3-4063B0AB7F0C}.Debug|Any CPU.ActiveCfg = Debug|Any CPU
		{A9C4D868-FFE9-4396-9EB3-4063B0AB7F0C}.Debug|Any CPU.Build.0 = Debug|Any CPU
		{A9C4D868-FFE9-4396-9EB3-4063B0AB7F0C}.Release|Any CPU.ActiveCfg = Release|Any CPU
		{A9C4D868-FFE9-4396-9EB3-4063B0AB7F0C}.Release|Any CPU.Build.0 = Release|Any CPU
		{16A41682-E019-42AC-944B-C80E05270A5F}.Debug|Any CPU.ActiveCfg = Debug|Any CPU
		{16A41682-E019-42AC-944B-C80E05270A5F}.Debug|Any CPU.Build.0 = Debug|Any CPU
		{16A41682-E019-42AC-944B-C80E05270A5F}.Release|Any CPU.ActiveCfg = Release|Any CPU
		{16A41682-E019-42AC-944B-C80E05270A5F}.Release|Any CPU.Build.0 = Release|Any CPU
		{B16592A3-631D-4E4D-8FE5-B6B364E38B60}.Debug|Any CPU.ActiveCfg = Debug|Any CPU
		{B16592A3-631D-4E4D-8FE5-B6B364E38B60}.Debug|Any CPU.Build.0 = Debug|Any CPU
		{B16592A3-631D-4E4D-8FE5-B6B364E38B60}.Release|Any CPU.ActiveCfg = Release|Any CPU
		{B16592A3-631D-4E4D-8FE5-B6B364E38B60}.Release|Any CPU.Build.0 = Release|Any CPU
		{AB54D8C8-6AD7-4409-B03B-2E9F895842FB}.Debug|Any CPU.ActiveCfg = Debug|Any CPU
		{AB54D8C8-6AD7-4409-B03B-2E9F895842FB}.Debug|Any CPU.Build.0 = Debug|Any CPU
		{AB54D8C8-6AD7-4409-B03B-2E9F895842FB}.Release|Any CPU.ActiveCfg = Release|Any CPU
		{AB54D8C8-6AD7-4409-B03B-2E9F895842FB}.Release|Any CPU.Build.0 = Release|Any CPU
		{30E9B63E-EDF4-4318-AE21-6C7E243A7B9D}.Debug|Any CPU.ActiveCfg = Debug|Any CPU
		{30E9B63E-EDF4-4318-AE21-6C7E243A7B9D}.Debug|Any CPU.Build.0 = Debug|Any CPU
		{30E9B63E-EDF4-4318-AE21-6C7E243A7B9D}.Release|Any CPU.ActiveCfg = Release|Any CPU
		{30E9B63E-EDF4-4318-AE21-6C7E243A7B9D}.Release|Any CPU.Build.0 = Release|Any CPU
		{1797BCF7-518E-4425-8BD7-73FA358BD6B4}.Debug|Any CPU.ActiveCfg = Debug|Any CPU
		{1797BCF7-518E-4425-8BD7-73FA358BD6B4}.Debug|Any CPU.Build.0 = Debug|Any CPU
		{1797BCF7-518E-4425-8BD7-73FA358BD6B4}.Release|Any CPU.ActiveCfg = Release|Any CPU
		{1797BCF7-518E-4425-8BD7-73FA358BD6B4}.Release|Any CPU.Build.0 = Release|Any CPU
		{A449AC28-D134-4987-BDBC-C47B2CF1BFEB}.Debug|Any CPU.ActiveCfg = Debug|Any CPU
		{A449AC28-D134-4987-BDBC-C47B2CF1BFEB}.Debug|Any CPU.Build.0 = Debug|Any CPU
		{A449AC28-D134-4987-BDBC-C47B2CF1BFEB}.Release|Any CPU.ActiveCfg = Release|Any CPU
		{A449AC28-D134-4987-BDBC-C47B2CF1BFEB}.Release|Any CPU.Build.0 = Release|Any CPU
		{914DDDE0-054E-461D-A9DF-F7060DEE7262}.Debug|Any CPU.ActiveCfg = Debug|Any CPU
		{914DDDE0-054E-461D-A9DF-F7060DEE7262}.Debug|Any CPU.Build.0 = Debug|Any CPU
		{914DDDE0-054E-461D-A9DF-F7060DEE7262}.Release|Any CPU.ActiveCfg = Release|Any CPU
		{914DDDE0-054E-461D-A9DF-F7060DEE7262}.Release|Any CPU.Build.0 = Release|Any CPU
		{1F90A7F8-61CF-41C4-A260-E83FBDBDEF1E}.Debug|Any CPU.ActiveCfg = Debug|Any CPU
		{1F90A7F8-61CF-41C4-A260-E83FBDBDEF1E}.Debug|Any CPU.Build.0 = Debug|Any CPU
		{1F90A7F8-61CF-41C4-A260-E83FBDBDEF1E}.Release|Any CPU.ActiveCfg = Release|Any CPU
		{1F90A7F8-61CF-41C4-A260-E83FBDBDEF1E}.Release|Any CPU.Build.0 = Release|Any CPU
		{4AE56ABD-FF42-4F2A-BF4E-B415F9C5A354}.Debug|Any CPU.ActiveCfg = Debug|Any CPU
		{4AE56ABD-FF42-4F2A-BF4E-B415F9C5A354}.Debug|Any CPU.Build.0 = Debug|Any CPU
		{4AE56ABD-FF42-4F2A-BF4E-B415F9C5A354}.Release|Any CPU.ActiveCfg = Release|Any CPU
		{4AE56ABD-FF42-4F2A-BF4E-B415F9C5A354}.Release|Any CPU.Build.0 = Release|Any CPU
		{3F5C2E43-E103-497B-9885-409E73FACC83}.Debug|Any CPU.ActiveCfg = Debug|Any CPU
		{3F5C2E43-E103-497B-9885-409E73FACC83}.Debug|Any CPU.Build.0 = Debug|Any CPU
		{3F5C2E43-E103-497B-9885-409E73FACC83}.Release|Any CPU.ActiveCfg = Release|Any CPU
		{3F5C2E43-E103-497B-9885-409E73FACC83}.Release|Any CPU.Build.0 = Release|Any CPU
		{E07035EA-6C65-4D4A-B67A-CAD79EBE25C8}.Debug|Any CPU.ActiveCfg = Debug|Any CPU
		{E07035EA-6C65-4D4A-B67A-CAD79EBE25C8}.Debug|Any CPU.Build.0 = Debug|Any CPU
		{E07035EA-6C65-4D4A-B67A-CAD79EBE25C8}.Release|Any CPU.ActiveCfg = Release|Any CPU
		{E07035EA-6C65-4D4A-B67A-CAD79EBE25C8}.Release|Any CPU.Build.0 = Release|Any CPU
		{C50D1C98-FA4A-4D97-A9E0-85DF2D7F07EA}.Debug|Any CPU.ActiveCfg = Debug|Any CPU
		{C50D1C98-FA4A-4D97-A9E0-85DF2D7F07EA}.Debug|Any CPU.Build.0 = Debug|Any CPU
		{C50D1C98-FA4A-4D97-A9E0-85DF2D7F07EA}.Release|Any CPU.ActiveCfg = Release|Any CPU
		{C50D1C98-FA4A-4D97-A9E0-85DF2D7F07EA}.Release|Any CPU.Build.0 = Release|Any CPU
		{3408CC03-3DC4-497B-81D1-DAF7E0999912}.Debug|Any CPU.ActiveCfg = Debug|Any CPU
		{3408CC03-3DC4-497B-81D1-DAF7E0999912}.Debug|Any CPU.Build.0 = Debug|Any CPU
		{3408CC03-3DC4-497B-81D1-DAF7E0999912}.Release|Any CPU.ActiveCfg = Release|Any CPU
		{3408CC03-3DC4-497B-81D1-DAF7E0999912}.Release|Any CPU.Build.0 = Release|Any CPU
		{F3413668-A592-402A-AD91-090990E21EDF}.Debug|Any CPU.ActiveCfg = Debug|Any CPU
		{F3413668-A592-402A-AD91-090990E21EDF}.Debug|Any CPU.Build.0 = Debug|Any CPU
		{F3413668-A592-402A-AD91-090990E21EDF}.Release|Any CPU.ActiveCfg = Release|Any CPU
		{F3413668-A592-402A-AD91-090990E21EDF}.Release|Any CPU.Build.0 = Release|Any CPU
		{01A0B3E0-6C54-47D5-A0E5-706A05A0F0F6}.Debug|Any CPU.ActiveCfg = Debug|Any CPU
		{01A0B3E0-6C54-47D5-A0E5-706A05A0F0F6}.Debug|Any CPU.Build.0 = Debug|Any CPU
		{01A0B3E0-6C54-47D5-A0E5-706A05A0F0F6}.Release|Any CPU.ActiveCfg = Release|Any CPU
		{01A0B3E0-6C54-47D5-A0E5-706A05A0F0F6}.Release|Any CPU.Build.0 = Release|Any CPU
		{037ADC61-07CB-4C18-9687-1682F0ED5539}.Debug|Any CPU.ActiveCfg = Debug|Any CPU
		{037ADC61-07CB-4C18-9687-1682F0ED5539}.Debug|Any CPU.Build.0 = Debug|Any CPU
		{037ADC61-07CB-4C18-9687-1682F0ED5539}.Release|Any CPU.ActiveCfg = Release|Any CPU
		{037ADC61-07CB-4C18-9687-1682F0ED5539}.Release|Any CPU.Build.0 = Release|Any CPU
		{25D25F9F-D5EE-4884-B5FA-A7546D1C37BD}.Debug|Any CPU.ActiveCfg = Debug|Any CPU
		{25D25F9F-D5EE-4884-B5FA-A7546D1C37BD}.Debug|Any CPU.Build.0 = Debug|Any CPU
		{25D25F9F-D5EE-4884-B5FA-A7546D1C37BD}.Release|Any CPU.ActiveCfg = Release|Any CPU
		{25D25F9F-D5EE-4884-B5FA-A7546D1C37BD}.Release|Any CPU.Build.0 = Release|Any CPU
		{CE610FC9-468A-4169-967B-C8234AC0E669}.Debug|Any CPU.ActiveCfg = Debug|Any CPU
		{CE610FC9-468A-4169-967B-C8234AC0E669}.Debug|Any CPU.Build.0 = Debug|Any CPU
		{CE610FC9-468A-4169-967B-C8234AC0E669}.Release|Any CPU.ActiveCfg = Release|Any CPU
		{CE610FC9-468A-4169-967B-C8234AC0E669}.Release|Any CPU.Build.0 = Release|Any CPU
		{578698B7-579E-4CCA-BF1E-349580F33D4C}.Debug|Any CPU.ActiveCfg = Debug|Any CPU
		{578698B7-579E-4CCA-BF1E-349580F33D4C}.Debug|Any CPU.Build.0 = Debug|Any CPU
		{578698B7-579E-4CCA-BF1E-349580F33D4C}.Release|Any CPU.ActiveCfg = Release|Any CPU
		{578698B7-579E-4CCA-BF1E-349580F33D4C}.Release|Any CPU.Build.0 = Release|Any CPU
		{6343A91A-546C-4478-8DCE-70B3DD0A770D}.Debug|Any CPU.ActiveCfg = Debug|Any CPU
		{6343A91A-546C-4478-8DCE-70B3DD0A770D}.Debug|Any CPU.Build.0 = Debug|Any CPU
		{6343A91A-546C-4478-8DCE-70B3DD0A770D}.Release|Any CPU.ActiveCfg = Release|Any CPU
		{6343A91A-546C-4478-8DCE-70B3DD0A770D}.Release|Any CPU.Build.0 = Release|Any CPU
	EndGlobalSection
	GlobalSection(SolutionProperties) = preSolution
		HideSolutionNode = FALSE
	EndGlobalSection
EndGlobal
