
Microsoft Visual Studio Solution File, Format Version 12.00
# Visual Studio 14
VisualStudioVersion = 14.0.25420.1
MinimumVisualStudioVersion = 10.0.40219.1
Project("{F184B08F-C81C-45F6-A57F-5ABD9991F28F}") = "jjohnson1b1", "jjohnson1b1\jjohnson1b1.vbproj", "{0D838D07-26B8-44F1-BD67-DE44F9DD74AA}"
EndProject
Project("{F184B08F-C81C-45F6-A57F-5ABD9991F28F}") = "jjohnson1c1", "jjohnson1c1\jjohnson1c1.vbproj", "{A9C4D868-FFE9-4396-9EB3-4063B0AB7F0C}"
EndProject
Project("{F184B08F-C81C-45F6-A57F-5ABD9991F28F}") = "jjohnson1d1", "jjohnson1d1\jjohnson1d1.vbproj", "{16A41682-E019-42AC-944B-C80E05270A5F}"
EndProject
Project("{F184B08F-C81C-45F6-A57F-5ABD9991F28F}") = "jjohnson1e1", "jjohnson1e1\jjohnson1e1.vbproj", "{B16592A3-631D-4E4D-8FE5-B6B364E38B60}"
EndProject
Project("{F184B08F-C81C-45F6-A57F-5ABD9991F28F}") = "jjohnson1f1", "jjohnson1f1\jjohnson1f1.vbproj", "{AB54D8C8-6AD7-4409-B03B-2E9F895842FB}"
EndProject
Project("{F184B08F-C81C-45F6-A57F-5ABD9991F28F}") = "jjohnson1g1", "jjohnson1g1\jjohnson1g1.vbproj", "{30E9B63E-EDF4-4318-AE21-6C7E243A7B9D}"
EndProject
Project("{F184B08F-C81C-45F6-A57F-5ABD9991F28F}") = "jjohnson1h1", "jjohnson1h1\jjohnson1h1.vbproj", "{1797BCF7-518E-4425-8BD7-73FA358BD6B4}"
EndProject
Project("{F184B08F-C81C-45F6-A57F-5ABD9991F28F}") = "jjohnson2a1", "jjohnson2a1\jjohnson2a1.vbproj", "{A449AC28-D134-4987-BDBC-C47B2CF1BFEB}"
EndProject
Global
	GlobalSection(SolutionConfigurationPlatforms) = preSolution
		Debug|Any CPU = Debug|Any CPU
		Release|Any CPU = Release|Any CPU
	EndGlobalSection
	GlobalSection(ProjectConfigurationPlatforms) = postSolution
		{0D838D07-26B8-44F1-BD67-DE44F9DD74AA}.Debug|Any CPU.ActiveCfg = Debug|Any CPU
		{0D838D07-26B8-44F1-BD67-DE44F9DD74AA}.Debug|Any CPU.Build.0 = Debug|Any CPU
		{0D838D07-26B8-44F1-BD67-DE44F9DD74AA}.Release|Any CPU.ActiveCfg = Release|Any CPU
		{0D838D07-26B8-44F1-BD67-DE44F9DD74AA}.Release|Any CPU.Build.0 = Release|Any CPU
		{A9C4D868-FFE9-4396-9EB3-4063B0AB7F0C}.Debug|Any CPU.ActiveCfg = Debug|Any CPU
		{A9C4D868-FFE9-4396-9EB3-4063B0AB7F0C}.Debug|Any CPU.Build.0 = Debug|Any CPU
		{A9C4D868-FFE9-4396-9EB3-4063B0AB7F0C}.Release|Any CPU.ActiveCfg = Release|Any CPU
		{A9C4D868-FFE9-4396-9EB3-4063B0AB7F0C}.Release|Any CPU.Build.0 = Release|Any CPU
		{16A41682-E019-42AC-944B-C80E05270A5F}.Debug|Any CPU.ActiveCfg = Debug|Any CPU
		{16A41682-E019-42AC-944B-C80E05270A5F}.Debug|Any CPU.Build.0 = Debug|Any CPU
		{16A41682-E019-42AC-944B-C80E05270A5F}.Release|Any CPU.ActiveCfg = Release|Any CPU
		{16A41682-E019-42AC-944B-C80E05270A5F}.Release|Any CPU.Build.0 = Release|Any CPU
		{B16592A3-631D-4E4D-8FE5-B6B364E38B60}.Debug|Any CPU.ActiveCfg = Debug|Any CPU
		{B16592A3-631D-4E4D-8FE5-B6B364E38B60}.Debug|Any CPU.Build.0 = Debug|Any CPU
		{B16592A3-631D-4E4D-8FE5-B6B364E38B60}.Release|Any CPU.ActiveCfg = Release|Any CPU
		{B16592A3-631D-4E4D-8FE5-B6B364E38B60}.Release|Any CPU.Build.0 = Release|Any CPU
		{AB54D8C8-6AD7-4409-B03B-2E9F895842FB}.Debug|Any CPU.ActiveCfg = Debug|Any CPU
		{AB54D8C8-6AD7-4409-B03B-2E9F895842FB}.Debug|Any CPU.Build.0 = Debug|Any CPU
		{AB54D8C8-6AD7-4409-B03B-2E9F895842FB}.Release|Any CPU.ActiveCfg = Release|Any CPU
		{AB54D8C8-6AD7-4409-B03B-2E9F895842FB}.Release|Any CPU.Build.0 = Release|Any CPU
		{30E9B63E-EDF4-4318-AE21-6C7E243A7B9D}.Debug|Any CPU.ActiveCfg = Debug|Any CPU
		{30E9B63E-EDF4-4318-AE21-6C7E243A7B9D}.Debug|Any CPU.Build.0 = Debug|Any CPU
		{30E9B63E-EDF4-4318-AE21-6C7E243A7B9D}.Release|Any CPU.ActiveCfg = Release|Any CPU
		{30E9B63E-EDF4-4318-AE21-6C7E243A7B9D}.Release|Any CPU.Build.0 = Release|Any CPU
		{1797BCF7-518E-4425-8BD7-73FA358BD6B4}.Debug|Any CPU.ActiveCfg = Debug|Any CPU
		{1797BCF7-518E-4425-8BD7-73FA358BD6B4}.Debug|Any CPU.Build.0 = Debug|Any CPU
		{1797BCF7-518E-4425-8BD7-73FA358BD6B4}.Release|Any CPU.ActiveCfg = Release|Any CPU
		{1797BCF7-518E-4425-8BD7-73FA358BD6B4}.Release|Any CPU.Build.0 = Release|Any CPU
		{A449AC28-D134-4987-BDBC-C47B2CF1BFEB}.Debug|Any CPU.ActiveCfg = Debug|Any CPU
		{A449AC28-D134-4987-BDBC-C47B2CF1BFEB}.Debug|Any CPU.Build.0 = Debug|Any CPU
		{A449AC28-D134-4987-BDBC-C47B2CF1BFEB}.Release|Any CPU.ActiveCfg = Release|Any CPU
		{A449AC28-D134-4987-BDBC-C47B2CF1BFEB}.Release|Any CPU.Build.0 = Release|Any CPU
	EndGlobalSection
	GlobalSection(SolutionProperties) = preSolution
		HideSolutionNode = FALSE
	EndGlobalSection
EndGlobal
